
Microsoft Visual Studio Solution File, Format Version 12.00
# Visual Studio 2012
Project("{FAE04EC0-301F-11D3-BF4B-00C04F79EFBC}") = "EF6MySQL", "EF6MySQL\EF6MySQL.csproj", "{8522B165-C83F-4609-B2AD-C029510A4FF3}"
EndProject
Global
	GlobalSection(SolutionConfigurationPlatforms) = preSolution
		Debug|x86 = Debug|x86
		Release|x86 = Release|x86
	EndGlobalSection
	GlobalSection(ProjectConfigurationPlatforms) = postSolution
		{8522B165-C83F-4609-B2AD-C029510A4FF3}.Debug|x86.ActiveCfg = Debug|x86
		{8522B165-C83F-4609-B2AD-C029510A4FF3}.Debug|x86.Build.0 = Debug|x86
		{8522B165-C83F-4609-B2AD-C029510A4FF3}.Release|x86.ActiveCfg = Release|x86
		{8522B165-C83F-4609-B2AD-C029510A4FF3}.Release|x86.Build.0 = Release|x86
	EndGlobalSection
	GlobalSection(SolutionProperties) = preSolution
		HideSolutionNode = FALSE
	EndGlobalSection
	GlobalSection(MonoDevelopProperties) = preSolution
		StartupItem = EF6MySQL\EF6MySQL.csproj
	EndGlobalSection
EndGlobal
