
Microsoft Visual Studio Solution File, Format Version 12.00
# Visual Studio 2012
Project("{FAE04EC0-301F-11D3-BF4B-00C04F79EFBC}") = "EF6MySQL", "EF6MySQL\EF6MySQL.csproj", "{8522B165-C83F-4609-B2AD-C029510A4FF3}"
EndProject
Project("{2150E333-8FDC-42A3-9474-1A3956D46DE8}") = ".nuget", ".nuget", "{95560704-7A38-4765-B5FF-DF6FB33BA477}"
	ProjectSection(SolutionItems) = preProject
		.nuget\NuGet.Config = .nuget\NuGet.Config
		.nuget\NuGet.exe = .nuget\NuGet.exe
		.nuget\NuGet.targets = .nuget\NuGet.targets
	EndProjectSection
EndProject
Global
	GlobalSection(SolutionConfigurationPlatforms) = preSolution
		Debug|x86 = Debug|x86
		Release|x86 = Release|x86
	EndGlobalSection
	GlobalSection(ProjectConfigurationPlatforms) = postSolution
		{8522B165-C83F-4609-B2AD-C029510A4FF3}.Debug|x86.ActiveCfg = Debug|x86
		{8522B165-C83F-4609-B2AD-C029510A4FF3}.Debug|x86.Build.0 = Debug|x86
		{8522B165-C83F-4609-B2AD-C029510A4FF3}.Release|x86.ActiveCfg = Release|x86
		{8522B165-C83F-4609-B2AD-C029510A4FF3}.Release|x86.Build.0 = Release|x86
	EndGlobalSection
	GlobalSection(SolutionProperties) = preSolution
		HideSolutionNode = FALSE
	EndGlobalSection
	GlobalSection(MonoDevelopProperties) = preSolution
		StartupItem = EF6MySQL\EF6MySQL.csproj
	EndGlobalSection
EndGlobal
